{
  "version": "5",
  "remote": {
    "https://edge.netlify.com/": "fd941d61d88673d5f28aab283fb86fcc50f08a3bc80ee5470498fcfa88c65cfb",
    "https://edge.netlify.com/bootstrap/config.ts": "6a2ce0e544e15e8f8883a5c18da5948e37fd0f2619f68cb31f3af53c51817025",
    "https://edge.netlify.com/bootstrap/context.ts": "e97240232121e2f369f6546ce961490f34d961ea1ea54be3ff09633e3f08373f",
    "https://edge.netlify.com/bootstrap/cookie.ts": "8b0baae708989ca183c6f3b4ab3d029e6abcbc2e43f93edeb0ff447b3bbc3a05",
    "https://edge.netlify.com/bootstrap/edge_function.ts": "b8253e86aa83c67341f5cfedeba5049d77fbf84dcab7eceff7566b7728ae9b39",
    "https://edge.netlify.com/bootstrap/globals/types.ts": "eaa6148ded3121d8dee62dd91c86e7fe76601df0f3ca8d7962243a30f4c8935f"
  },
  "workspace": {
    "packageJson": {
      "dependencies": [
        "npm:@chakra-ui/icons@^2.0.17",
        "npm:@chakra-ui/react@^2.5.1",
        "npm:@emotion/react@^11.1.4",
        "npm:@emotion/styled@11",
        "npm:@fontsource/urbanist@^5.1.0",
        "npm:@supabase/auth-helpers-nextjs@~0.7.1",
        "npm:@supabase/auth-helpers-react@0.4",
        "npm:@supabase/auth-ui-react@~0.4.2",
        "npm:@supabase/supabase-js@^2.24.0",
        "npm:@types/i18next@13",
        "npm:@types/node@^18.13.0",
        "npm:@types/react-dom@17",
        "npm:@types/react@^18.2.14",
        "npm:@typescript-eslint/eslint-plugin@^5.3.1",
        "npm:@typescript-eslint/parser@^5.3.1",
        "npm:axios@^1.3.4",
        "npm:eslint-config-next@^13.1.2",
        "npm:eslint-config-prettier@7",
        "npm:eslint-plugin-prettier@^3.2.0",
        "npm:eslint@^7.32.0",
        "npm:formik@^2.2.9",
        "npm:framer-motion@^10.2.5",
        "npm:i18next@^22.4.13",
        "npm:identity-obj-proxy@3",
        "npm:ka-table@^12.0.3",
        "npm:moment@^2.30.1",
        "npm:next-compose-plugins@^2.2.1",
        "npm:next-i18next@^7.0.1",
        "npm:next-s3-upload@~0.3.4",
        "npm:next-transpile-modules@10",
        "npm:next@^13.1.2",
        "npm:nookies@^2.5.2",
        "npm:pexels@^1.4.0",
        "npm:polished@^4.2.2",
        "npm:posthog-js@^1.132.2",
        "npm:prettier@^2.2.1",
        "npm:react-audio-voice-recorder@^2.2.0",
        "npm:react-color@^2.19.3",
        "npm:react-confetti@^6.1.0",
        "npm:react-dom@^18.2.0",
        "npm:react-drag-drop-files@^2.3.10",
        "npm:react-draggable@^4.4.5",
        "npm:react-gtm-module@^2.0.11",
        "npm:react-i18next@^12.2.0",
        "npm:react-icons@^4.8.0",
        "npm:react-papaparse@^4.4.0",
        "npm:react-player@^2.14.1",
        "npm:react-rnd@^10.4.11",
        "npm:react-screen-capture@^1.1.1",
        "npm:react-select@^5.8.0",
        "npm:react-video-thumbnail@~0.1.3",
        "npm:react@^18.2.0",
        "npm:recharts@^2.12.2",
        "npm:typescript@^4.4.3",
        "npm:uuid@9",
        "npm:yup@^1.0.2",
        "npm:zustand@^4.3.8"
      ]
    }
  }
}
